<?xml version="1.0" encoding="utf-8"?>
<Project ToolsVersion="4.0" xmlns="http://schemas.microsoft.com/developer/msbuild/2003">
  <ItemGroup>
    <Filter Include="Resource Files">
      <UniqueIdentifier>{67DA6AB6-F800-4c08-8B7A-83BB121AAD01}</UniqueIdentifier>
      <Extensions>rc;ico;cur;bmp;dlg;rc2;rct;bin;rgs;gif;jpg;jpeg;jpe;resx;tiff;tif;png;wav;mfcribbon-ms</Extensions>
    </Filter>
    <Filter Include="Shaders">
      <UniqueIdentifier>{8b6c92a8-f65d-451e-80e3-d65773602b92}</UniqueIdentifier>
    </Filter>
    <Filter Include="Engine">
      <UniqueIdentifier>{04e58c6a-11be-46a5-80f5-174e836fc974}</UniqueIdentifier>
    </Filter>
    <Filter Include="World">
      <UniqueIdentifier>{74f33dc2-23b6-4c71-a4af-3361643e60c7}</UniqueIdentifier>
    </Filter>
    <Filter Include="World\Shading">
      <UniqueIdentifier>{68a231cf-754c-4fac-977f-b2fa750556cf}</UniqueIdentifier>
    </Filter>
    <Filter Include="World\Util">
      <UniqueIdentifier>{ee9785f4-7c1f-4364-a736-768a08ad8274}</UniqueIdentifier>
    </Filter>
    <Filter Include="World\Viewport">
      <UniqueIdentifier>{16f52df4-589c-4d06-88c3-4a1149c0b790}</UniqueIdentifier>
    </Filter>
    <Filter Include="World\Shading\Materials">
      <UniqueIdentifier>{e74ba90b-58c2-484a-8802-58da16f78bba}</UniqueIdentifier>
    </Filter>
    <Filter Include="World\Ray">
      <UniqueIdentifier>{bd930a86-716f-49f5-a621-be8584b73836}</UniqueIdentifier>
    </Filter>
    <Filter Include="World\Objects">
      <UniqueIdentifier>{e6277f0b-5138-4b78-84e3-8bc9a109bb7c}</UniqueIdentifier>
    </Filter>
  </ItemGroup>
  <ItemGroup>
    <ClInclude Include="DXErr.h">
      <Filter>Engine</Filter>
    </ClInclude>
    <ClInclude Include="EException.h">
      <Filter>Engine</Filter>
    </ClInclude>
    <ClInclude Include="EngineWin.h">
      <Filter>Engine</Filter>
    </ClInclude>
    <ClInclude Include="Game.h">
      <Filter>Engine</Filter>
    </ClInclude>
    <ClInclude Include="Graphics.h">
      <Filter>Engine</Filter>
    </ClInclude>
    <ClInclude Include="Keyboard.h">
      <Filter>Engine</Filter>
    </ClInclude>
    <ClInclude Include="Mouse.h">
      <Filter>Engine</Filter>
    </ClInclude>
    <ClInclude Include="MainWindow.h">
      <Filter>Engine</Filter>
    </ClInclude>
    <ClInclude Include="Resource.h">
      <Filter>Engine</Filter>
    </ClInclude>
    <ClInclude Include="Vector3.h">
      <Filter>World\Util</Filter>
    </ClInclude>
    <ClInclude Include="color_hsla.h">
      <Filter>World\Util</Filter>
    </ClInclude>
    <ClInclude Include="color_rgba.h">
      <Filter>World\Util</Filter>
    </ClInclude>
    <ClInclude Include="Colors.h">
      <Filter>World\Util</Filter>
    </ClInclude>
    <ClInclude Include="include.h">
      <Filter>World\Util</Filter>
    </ClInclude>
    <ClInclude Include="ray.h">
      <Filter>World\Ray</Filter>
    </ClInclude>
    <ClInclude Include="material.h">
      <Filter>World\Shading</Filter>
    </ClInclude>
    <ClInclude Include="sphere.h">
      <Filter>World\Objects</Filter>
    </ClInclude>
    <ClInclude Include="hitable_list.h">
      <Filter>World\Objects</Filter>
    </ClInclude>
    <ClInclude Include="hitable.h">
      <Filter>World\Objects</Filter>
    </ClInclude>
    <ClInclude Include="camera.h">
      <Filter>World\Viewport</Filter>
    </ClInclude>
    <ClInclude Include="raytracer.h">
      <Filter>World</Filter>
    </ClInclude>
  </ItemGroup>
  <ItemGroup>
    <ClCompile Include="DXErr.cpp">
      <Filter>Engine</Filter>
    </ClCompile>
    <ClCompile Include="Main.cpp">
      <Filter>Engine</Filter>
    </ClCompile>
    <ClCompile Include="MainWindow.cpp">
      <Filter>Engine</Filter>
    </ClCompile>
    <ClCompile Include="Mouse.cpp">
      <Filter>Engine</Filter>
    </ClCompile>
    <ClCompile Include="Graphics.cpp">
      <Filter>Engine</Filter>
    </ClCompile>
    <ClCompile Include="Game.cpp">
      <Filter>Engine</Filter>
    </ClCompile>
    <ClCompile Include="Keyboard.cpp">
      <Filter>Engine</Filter>
    </ClCompile>
    <ClCompile Include="color_hsla.cpp">
      <Filter>World\Util</Filter>
    </ClCompile>
    <ClCompile Include="color_rgba.cpp">
      <Filter>World\Util</Filter>
    </ClCompile>
    <ClCompile Include="Vector3.cpp">
      <Filter>World\Util</Filter>
    </ClCompile>
    <ClCompile Include="raytracer.cpp">
      <Filter>World</Filter>
    </ClCompile>
  </ItemGroup>
  <ItemGroup>
    <FxCompile Include="FramebufferPS.hlsl">
      <Filter>Shaders</Filter>
    </FxCompile>
    <FxCompile Include="FramebufferVS.hlsl">
      <Filter>Shaders</Filter>
    </FxCompile>
  </ItemGroup>
  <ItemGroup>
    <ResourceCompile Include="Resource.rc">
      <Filter>Resource Files</Filter>
    </ResourceCompile>
  </ItemGroup>
  <ItemGroup>
    <Image Include="ENGINE_Resources\ENG_ICON_0.ico">
      <Filter>Resource Files</Filter>
    </Image>
    <Image Include="ENGINE_Resources\ENG_ICON_1.ico">
      <Filter>Resource Files</Filter>
    </Image>
    <Image Include="ENGINE_Resources\ENG_ICON_2.ico">
      <Filter>Resource Files</Filter>
    </Image>
    <Image Include="ENGINE_Resources\ENG_ICON_3.ico">
      <Filter>Resource Files</Filter>
    </Image>
    <Image Include="ENGINE_Resources\ENG_ICON_4.ico">
      <Filter>Resource Files</Filter>
    </Image>
    <Image Include="ENGINE_Resources\ENG_ICON_5.ico">
      <Filter>Resource Files</Filter>
    </Image>
  </ItemGroup>
</Project>